
Microsoft Visual Studio Solution File, Format Version 12.00
# Visual Studio Version 17
VisualStudioVersion = 17.1.32421.90
MinimumVisualStudioVersion = 10.0.40219.1
Project("{FAE04EC0-301F-11D3-BF4B-00C04F79EFBC}") = "xUnit_VisualStudio", "xUnit_VisualStudio\xUnit_VisualStudio.csproj", "{5C2B0AF9-C2A5-4882-9329-EC8D746D3B01}"
EndProject
Global
	GlobalSection(SolutionConfigurationPlatforms) = preSolution
		Debug|Any CPU = Debug|Any CPU
		Release|Any CPU = Release|Any CPU
	EndGlobalSection
	GlobalSection(ProjectConfigurationPlatforms) = postSolution
		{5C2B0AF9-C2A5-4882-9329-EC8D746D3B01}.Debug|Any CPU.ActiveCfg = Debug|Any CPU
		{5C2B0AF9-C2A5-4882-9329-EC8D746D3B01}.Debug|Any CPU.Build.0 = Debug|Any CPU
		{5C2B0AF9-C2A5-4882-9329-EC8D746D3B01}.Release|Any CPU.ActiveCfg = Release|Any CPU
		{5C2B0AF9-C2A5-4882-9329-EC8D746D3B01}.Release|Any CPU.Build.0 = Release|Any CPU
	EndGlobalSection
	GlobalSection(SolutionProperties) = preSolution
		HideSolutionNode = FALSE
	EndGlobalSection
	GlobalSection(ExtensibilityGlobals) = postSolution
		SolutionGuid = {E3A3D444-CBB5-45BB-9703-9CCC77CB9538}
	EndGlobalSection
EndGlobal
